// !$*UTF8*$!
{
	archiveVersion = 1;
	classes = {
	};
	objectVersion = 46;
	objects = {

/* Begin PBXBuildFile section */
		073D4FF0154F65C0007773C9 /* MainLayer.m in Sources */ = {isa = PBXBuildFile; fileRef = 073D4FEF154F65C0007773C9 /* MainLayer.m */; };
		073D5029154F6A12007773C9 /* .gitignore in Resources */ = {isa = PBXBuildFile; fileRef = 073D4FF4154F6A12007773C9 /* .gitignore */; };
		073D502A154F6A12007773C9 /* KWMusicManager.m in Sources */ = {isa = PBXBuildFile; fileRef = 073D4FF8154F6A12007773C9 /* KWMusicManager.m */; };
		073D502B154F6A12007773C9 /* tinymt32.c in Sources */ = {isa = PBXBuildFile; fileRef = 073D4FFB154F6A12007773C9 /* tinymt32.c */; };
		073D502C154F6A12007773C9 /* KWLayer.m in Sources */ = {isa = PBXBuildFile; fileRef = 073D4FFF154F6A12007773C9 /* KWLayer.m */; };
		073D502D154F6A12007773C9 /* KWState.m in Sources */ = {isa = PBXBuildFile; fileRef = 073D5001154F6A12007773C9 /* KWState.m */; };
		073D502E154F6A12007773C9 /* KWStateManager.m in Sources */ = {isa = PBXBuildFile; fileRef = 073D5003154F6A12007773C9 /* KWStateManager.m */; };
		073D502F154F6A12007773C9 /* CCSpriteExtension.m in Sources */ = {isa = PBXBuildFile; fileRef = 073D5006154F6A12007773C9 /* CCSpriteExtension.m */; };
		073D5030154F6A12007773C9 /* KWAnimation.m in Sources */ = {isa = PBXBuildFile; fileRef = 073D5008154F6A12007773C9 /* KWAnimation.m */; };
		073D5031154F6A12007773C9 /* KWGauge.m in Sources */ = {isa = PBXBuildFile; fileRef = 073D500A154F6A12007773C9 /* KWGauge.m */; };
		073D5032154F6A12007773C9 /* KWMessageWindow.m in Sources */ = {isa = PBXBuildFile; fileRef = 073D500C154F6A12007773C9 /* KWMessageWindow.m */; };
		073D5033154F6A12007773C9 /* KWPieChart.m in Sources */ = {isa = PBXBuildFile; fileRef = 073D500F154F6A12007773C9 /* KWPieChart.m */; };
		073D5034154F6A12007773C9 /* KWScrollLayer.m in Sources */ = {isa = PBXBuildFile; fileRef = 073D5011154F6A12007773C9 /* KWScrollLayer.m */; };
		073D5035154F6A12007773C9 /* KWShadowLabelTTF.m in Sources */ = {isa = PBXBuildFile; fileRef = 073D5013154F6A12007773C9 /* KWShadowLabelTTF.m */; };
		073D5036154F6A12007773C9 /* KWTimerLabel.m in Sources */ = {isa = PBXBuildFile; fileRef = 073D5015154F6A12007773C9 /* KWTimerLabel.m */; };
		073D5037154F6A12007773C9 /* KWDrawingPrimitives.m in Sources */ = {isa = PBXBuildFile; fileRef = 073D5018154F6A12007773C9 /* KWDrawingPrimitives.m */; };
		073D5038154F6A12007773C9 /* KWRandom.m in Sources */ = {isa = PBXBuildFile; fileRef = 073D501A154F6A12007773C9 /* KWRandom.m */; };
		073D5039154F6A12007773C9 /* KWSingleton.m in Sources */ = {isa = PBXBuildFile; fileRef = 073D501C154F6A12007773C9 /* KWSingleton.m */; };
		073D503A154F6A12007773C9 /* KWTimer.m in Sources */ = {isa = PBXBuildFile; fileRef = 073D501E154F6A12007773C9 /* KWTimer.m */; };
		073D503B154F6A12007773C9 /* KWUtility.m in Sources */ = {isa = PBXBuildFile; fileRef = 073D5020154F6A12007773C9 /* KWUtility.m */; };
		073D503C154F6A12007773C9 /* KWVector.m in Sources */ = {isa = PBXBuildFile; fileRef = 073D5022154F6A12007773C9 /* KWVector.m */; };
		073D503D154F6A12007773C9 /* NSArrayExtension.m in Sources */ = {isa = PBXBuildFile; fileRef = 073D5024154F6A12007773C9 /* NSArrayExtension.m */; };
		073D503E154F6A12007773C9 /* README.rst in Resources */ = {isa = PBXBuildFile; fileRef = 073D5025154F6A12007773C9 /* README.rst */; };
		073D503F154F6A12007773C9 /* graphic_converter.py in Resources */ = {isa = PBXBuildFile; fileRef = 073D5027154F6A12007773C9 /* graphic_converter.py */; };
		073D5040154F6A12007773C9 /* sound_converter.py in Resources */ = {isa = PBXBuildFile; fileRef = 073D5028154F6A12007773C9 /* sound_converter.py */; };
		07A5DCD1154F8DBE00021112 /* Bullet.m in Sources */ = {isa = PBXBuildFile; fileRef = 07A5DCD0154F8DBE00021112 /* Bullet.m */; };
		07A5DCD4154F8DCC00021112 /* BulletManager.m in Sources */ = {isa = PBXBuildFile; fileRef = 07A5DCD3154F8DCC00021112 /* BulletManager.m */; };
		07A5DCDC154F9DBD00021112 /* button0.png in Resources */ = {isa = PBXBuildFile; fileRef = 07A5DCD6154F9DBD00021112 /* button0.png */; };
		07A5DCDD154F9DBD00021112 /* button1.png in Resources */ = {isa = PBXBuildFile; fileRef = 07A5DCD7154F9DBD00021112 /* button1.png */; };
		07A5DCDE154F9DBD00021112 /* button2.png in Resources */ = {isa = PBXBuildFile; fileRef = 07A5DCD8154F9DBD00021112 /* button2.png */; };
		07A5DCDF154F9DBD00021112 /* enemy0.png in Resources */ = {isa = PBXBuildFile; fileRef = 07A5DCD9154F9DBD00021112 /* enemy0.png */; };
		07A5DCE0154F9DBD00021112 /* enemy1.png in Resources */ = {isa = PBXBuildFile; fileRef = 07A5DCDA154F9DBD00021112 /* enemy1.png */; };
		07A5DCE1154F9DBD00021112 /* enemy2.png in Resources */ = {isa = PBXBuildFile; fileRef = 07A5DCDB154F9DBD00021112 /* enemy2.png */; };
		07A5DCE415501AD300021112 /* Enemy.m in Sources */ = {isa = PBXBuildFile; fileRef = 07A5DCE315501AD300021112 /* Enemy.m */; };
		07A5DCE71550409D00021112 /* EnemyManager.m in Sources */ = {isa = PBXBuildFile; fileRef = 07A5DCE61550409D00021112 /* EnemyManager.m */; };
		07D700BC1552E5110070B177 /* Marker.m in Sources */ = {isa = PBXBuildFile; fileRef = 07D700BB1552E5110070B177 /* Marker.m */; };
		07D700C11552F62D0070B177 /* Music.m in Sources */ = {isa = PBXBuildFile; fileRef = 07D700C01552F62D0070B177 /* Music.m */; };
		07D700C21552FFB90070B177 /* sample.caf in Resources */ = {isa = PBXBuildFile; fileRef = 07D700BE1552F5B50070B177 /* sample.caf */; };
		07D700C5155304190070B177 /* decide.caf in Resources */ = {isa = PBXBuildFile; fileRef = 07D700C4155304190070B177 /* decide.caf */; };
		07D700CC15530EDF0070B177 /* background.png in Resources */ = {isa = PBXBuildFile; fileRef = 07D700CB15530EDF0070B177 /* background.png */; };
		07D700CF1554E8DE0070B177 /* Player.m in Sources */ = {isa = PBXBuildFile; fileRef = 07D700CE1554E8DE0070B177 /* Player.m */; };
		07D700D215550BC20070B177 /* Shoot.m in Sources */ = {isa = PBXBuildFile; fileRef = 07D700D115550BC20070B177 /* Shoot.m */; };
		07D700D41555ECE60070B177 /* stage1.caf in Resources */ = {isa = PBXBuildFile; fileRef = 07D700D31555EC890070B177 /* stage1.caf */; };
		07D700D7155613800070B177 /* GameTimer.m in Sources */ = {isa = PBXBuildFile; fileRef = 07D700D6155613800070B177 /* GameTimer.m */; };
		07D700DB1558D5B70070B177 /* attack.caf in Resources */ = {isa = PBXBuildFile; fileRef = 07D700D91558D5930070B177 /* attack.caf */; };
		07D700DC1558D5B70070B177 /* flick.caf in Resources */ = {isa = PBXBuildFile; fileRef = 07D700DA1558D5A50070B177 /* flick.caf */; };
		07D700DE1558D8650070B177 /* just.caf in Resources */ = {isa = PBXBuildFile; fileRef = 07D700DD1558D82D0070B177 /* just.caf */; };
		07D700E11558DE2E0070B177 /* miss.caf in Resources */ = {isa = PBXBuildFile; fileRef = 07D700E01558DE270070B177 /* miss.caf */; };
		07D700E51558F2CB0070B177 /* button0_selected.png in Resources */ = {isa = PBXBuildFile; fileRef = 07D700E21558F2CB0070B177 /* button0_selected.png */; };
		07D700E61558F2CB0070B177 /* button1_selected.png in Resources */ = {isa = PBXBuildFile; fileRef = 07D700E31558F2CB0070B177 /* button1_selected.png */; };
		07D700E71558F2CB0070B177 /* button2_selected.png in Resources */ = {isa = PBXBuildFile; fileRef = 07D700E41558F2CB0070B177 /* button2_selected.png */; };
		DC485B1113AA0E5600F2BC70 /* libchipmunk-mac.a in Frameworks */ = {isa = PBXBuildFile; fileRef = DC485B0D13AA0E5600F2BC70 /* libchipmunk-mac.a */; };
		DC485B1713AA0EBB00F2BC70 /* libbox2d-mac.a in Frameworks */ = {isa = PBXBuildFile; fileRef = DC485B1613AA0EBB00F2BC70 /* libbox2d-mac.a */; };
		DC485B4613AA18A600F2BC70 /* libcocosdenshion-mac.a in Frameworks */ = {isa = PBXBuildFile; fileRef = DC485B4513AA18A600F2BC70 /* libcocosdenshion-mac.a */; };
		DC65615C13A969B600A7AC53 /* libbox2d-ios.a in Frameworks */ = {isa = PBXBuildFile; fileRef = DC65615013A969B600A7AC53 /* libbox2d-ios.a */; };
		DC65615D13A969B600A7AC53 /* libchipmunk-ios.a in Frameworks */ = {isa = PBXBuildFile; fileRef = DC65615113A969B600A7AC53 /* libchipmunk-ios.a */; };
		DC65615E13A969B600A7AC53 /* libchipmunk-spacemanager-ios.a in Frameworks */ = {isa = PBXBuildFile; fileRef = DC65615213A969B600A7AC53 /* libchipmunk-spacemanager-ios.a */; };
		DC65616013A969B600A7AC53 /* libcocos2d-extensions-ios.a in Frameworks */ = {isa = PBXBuildFile; fileRef = DC65615413A969B600A7AC53 /* libcocos2d-extensions-ios.a */; };
		DC65616113A969B600A7AC53 /* libcocos2d-ios.a in Frameworks */ = {isa = PBXBuildFile; fileRef = DC65615513A969B600A7AC53 /* libcocos2d-ios.a */; };
		DC65616213A969B600A7AC53 /* libcocos3d-ios.a in Frameworks */ = {isa = PBXBuildFile; fileRef = DC65615613A969B600A7AC53 /* libcocos3d-ios.a */; };
		DC65616313A969B600A7AC53 /* libcocosdenshion-ios.a in Frameworks */ = {isa = PBXBuildFile; fileRef = DC65615713A969B600A7AC53 /* libcocosdenshion-ios.a */; };
		DC65616413A969B600A7AC53 /* libkobold2d-ios.a in Frameworks */ = {isa = PBXBuildFile; fileRef = DC65615813A969B600A7AC53 /* libkobold2d-ios.a */; };
		DC65616513A969B600A7AC53 /* libobjectal-ios.a in Frameworks */ = {isa = PBXBuildFile; fileRef = DC65615913A969B600A7AC53 /* libobjectal-ios.a */; };
		DC65616613A969B600A7AC53 /* libsneakyinput-ios.a in Frameworks */ = {isa = PBXBuildFile; fileRef = DC65615A13A969B600A7AC53 /* libsneakyinput-ios.a */; };
		DC979E3E13B35F8800656CB9 /* libcocos2d-extensions-mac.a in Frameworks */ = {isa = PBXBuildFile; fileRef = DC979E3D13B35F8800656CB9 /* libcocos2d-extensions-mac.a */; };
		DC979E5A13B3607E00656CB9 /* libchipmunk-spacemanager-mac.a in Frameworks */ = {isa = PBXBuildFile; fileRef = DC979E5913B3607E00656CB9 /* libchipmunk-spacemanager-mac.a */; };
		DCC1A0FA13A94ED5005BD75D /* Default.png in Resources */ = {isa = PBXBuildFile; fileRef = DCC1A0F913A94ED5005BD75D /* Default.png */; };
		DCC1A0FC13A94ED5005BD75D /* fps_images.png in Resources */ = {isa = PBXBuildFile; fileRef = DCC1A0FB13A94ED5005BD75D /* fps_images.png */; };
		DCC1A0FE13A94ED5005BD75D /* Icon-72.png in Resources */ = {isa = PBXBuildFile; fileRef = DCC1A0FD13A94ED5005BD75D /* Icon-72.png */; };
		DCC1A10013A94ED5005BD75D /* Icon-Small-50.png in Resources */ = {isa = PBXBuildFile; fileRef = DCC1A0FF13A94ED5005BD75D /* Icon-Small-50.png */; };
		DCC1A10213A94ED5005BD75D /* Icon-Small.png in Resources */ = {isa = PBXBuildFile; fileRef = DCC1A10113A94ED5005BD75D /* Icon-Small.png */; };
		DCC1A10413A94ED5005BD75D /* Icon-Small@2x.png in Resources */ = {isa = PBXBuildFile; fileRef = DCC1A10313A94ED5005BD75D /* Icon-Small@2x.png */; };
		DCC1A10613A94ED5005BD75D /* Icon.png in Resources */ = {isa = PBXBuildFile; fileRef = DCC1A10513A94ED5005BD75D /* Icon.png */; };
		DCC1A10813A94ED5005BD75D /* Icon@2x.png in Resources */ = {isa = PBXBuildFile; fileRef = DCC1A10713A94ED5005BD75D /* Icon@2x.png */; };
		DCC1A10B13A94ED5005BD75D /* iTunesArtwork in Resources */ = {isa = PBXBuildFile; fileRef = DCC1A10A13A94ED5005BD75D /* iTunesArtwork */; };
		DCC1A3A913A94F1A005BD75D /* AppDelegate.m in Sources */ = {isa = PBXBuildFile; fileRef = DCC1A38E13A94F1A005BD75D /* AppDelegate.m */; };
		DCC1A3AA13A94F1A005BD75D /* AppDelegate.m in Sources */ = {isa = PBXBuildFile; fileRef = DCC1A38E13A94F1A005BD75D /* AppDelegate.m */; };
		DCC1A3AD13A94F1A005BD75D /* main.m in Sources */ = {isa = PBXBuildFile; fileRef = DCC1A39113A94F1A005BD75D /* main.m */; };
		DCC1A3AE13A94F1A005BD75D /* main.m in Sources */ = {isa = PBXBuildFile; fileRef = DCC1A39113A94F1A005BD75D /* main.m */; };
		DCC1A3AF13A94F1A005BD75D /* config.lua in Resources */ = {isa = PBXBuildFile; fileRef = DCC1A39513A94F1A005BD75D /* config.lua */; };
		DCC1A3B013A94F1A005BD75D /* config.lua in Resources */ = {isa = PBXBuildFile; fileRef = DCC1A39513A94F1A005BD75D /* config.lua */; };
		DCF95CD213A97EC500AE3B80 /* libcocos2d-mac.a in Frameworks */ = {isa = PBXBuildFile; fileRef = DCF95CC913A97EC500AE3B80 /* libcocos2d-mac.a */; };
		DCF95CD413A97EC500AE3B80 /* libkobold2d-mac.a in Frameworks */ = {isa = PBXBuildFile; fileRef = DCF95CCB13A97EC500AE3B80 /* libkobold2d-mac.a */; };
/* End PBXBuildFile section */

/* Begin PBXFileReference section */
		073D4FEE154F65C0007773C9 /* MainLayer.h */ = {isa = PBXFileReference; fileEncoding = 4; lastKnownFileType = sourcecode.c.h; name = MainLayer.h; path = Scene/MainLayer.h; sourceTree = "<group>"; };
		073D4FEF154F65C0007773C9 /* MainLayer.m */ = {isa = PBXFileReference; fileEncoding = 4; lastKnownFileType = sourcecode.c.objc; name = MainLayer.m; path = Scene/MainLayer.m; sourceTree = "<group>"; };
		073D4FF4154F6A12007773C9 /* .gitignore */ = {isa = PBXFileReference; fileEncoding = 4; lastKnownFileType = text; path = .gitignore; sourceTree = "<group>"; };
		073D4FF7154F6A12007773C9 /* KWMusicManager.h */ = {isa = PBXFileReference; fileEncoding = 4; lastKnownFileType = sourcecode.c.h; path = KWMusicManager.h; sourceTree = "<group>"; };
		073D4FF8154F6A12007773C9 /* KWMusicManager.m */ = {isa = PBXFileReference; fileEncoding = 4; lastKnownFileType = sourcecode.c.objc; path = KWMusicManager.m; sourceTree = "<group>"; };
		073D4FF9154F6A12007773C9 /* heqet.h */ = {isa = PBXFileReference; fileEncoding = 4; lastKnownFileType = sourcecode.c.h; path = heqet.h; sourceTree = "<group>"; };
		073D4FFB154F6A12007773C9 /* tinymt32.c */ = {isa = PBXFileReference; fileEncoding = 4; lastKnownFileType = sourcecode.c.c; path = tinymt32.c; sourceTree = "<group>"; };
		073D4FFC154F6A12007773C9 /* tinymt32.h */ = {isa = PBXFileReference; fileEncoding = 4; lastKnownFileType = sourcecode.c.h; path = tinymt32.h; sourceTree = "<group>"; };
		073D4FFE154F6A12007773C9 /* KWLayer.h */ = {isa = PBXFileReference; fileEncoding = 4; lastKnownFileType = sourcecode.c.h; path = KWLayer.h; sourceTree = "<group>"; };
		073D4FFF154F6A12007773C9 /* KWLayer.m */ = {isa = PBXFileReference; fileEncoding = 4; lastKnownFileType = sourcecode.c.objc; path = KWLayer.m; sourceTree = "<group>"; };
		073D5000154F6A12007773C9 /* KWState.h */ = {isa = PBXFileReference; fileEncoding = 4; lastKnownFileType = sourcecode.c.h; path = KWState.h; sourceTree = "<group>"; };
		073D5001154F6A12007773C9 /* KWState.m */ = {isa = PBXFileReference; fileEncoding = 4; lastKnownFileType = sourcecode.c.objc; path = KWState.m; sourceTree = "<group>"; };
		073D5002154F6A12007773C9 /* KWStateManager.h */ = {isa = PBXFileReference; fileEncoding = 4; lastKnownFileType = sourcecode.c.h; path = KWStateManager.h; sourceTree = "<group>"; };
		073D5003154F6A12007773C9 /* KWStateManager.m */ = {isa = PBXFileReference; fileEncoding = 4; lastKnownFileType = sourcecode.c.objc; path = KWStateManager.m; sourceTree = "<group>"; };
		073D5005154F6A12007773C9 /* CCSpriteExtension.h */ = {isa = PBXFileReference; fileEncoding = 4; lastKnownFileType = sourcecode.c.h; path = CCSpriteExtension.h; sourceTree = "<group>"; };
		073D5006154F6A12007773C9 /* CCSpriteExtension.m */ = {isa = PBXFileReference; fileEncoding = 4; lastKnownFileType = sourcecode.c.objc; path = CCSpriteExtension.m; sourceTree = "<group>"; };
		073D5007154F6A12007773C9 /* KWAnimation.h */ = {isa = PBXFileReference; fileEncoding = 4; lastKnownFileType = sourcecode.c.h; path = KWAnimation.h; sourceTree = "<group>"; };
		073D5008154F6A12007773C9 /* KWAnimation.m */ = {isa = PBXFileReference; fileEncoding = 4; lastKnownFileType = sourcecode.c.objc; path = KWAnimation.m; sourceTree = "<group>"; };
		073D5009154F6A12007773C9 /* KWGauge.h */ = {isa = PBXFileReference; fileEncoding = 4; lastKnownFileType = sourcecode.c.h; path = KWGauge.h; sourceTree = "<group>"; };
		073D500A154F6A12007773C9 /* KWGauge.m */ = {isa = PBXFileReference; fileEncoding = 4; lastKnownFileType = sourcecode.c.objc; path = KWGauge.m; sourceTree = "<group>"; };
		073D500B154F6A12007773C9 /* KWMessageWindow.h */ = {isa = PBXFileReference; fileEncoding = 4; lastKnownFileType = sourcecode.c.h; path = KWMessageWindow.h; sourceTree = "<group>"; };
		073D500C154F6A12007773C9 /* KWMessageWindow.m */ = {isa = PBXFileReference; fileEncoding = 4; lastKnownFileType = sourcecode.c.objc; path = KWMessageWindow.m; sourceTree = "<group>"; };
		073D500D154F6A12007773C9 /* KWMessageWindowDelegate.h */ = {isa = PBXFileReference; fileEncoding = 4; lastKnownFileType = sourcecode.c.h; path = KWMessageWindowDelegate.h; sourceTree = "<group>"; };
		073D500E154F6A12007773C9 /* KWPieChart.h */ = {isa = PBXFileReference; fileEncoding = 4; lastKnownFileType = sourcecode.c.h; path = KWPieChart.h; sourceTree = "<group>"; };
		073D500F154F6A12007773C9 /* KWPieChart.m */ = {isa = PBXFileReference; fileEncoding = 4; lastKnownFileType = sourcecode.c.objc; path = KWPieChart.m; sourceTree = "<group>"; };
		073D5010154F6A12007773C9 /* KWScrollLayer.h */ = {isa = PBXFileReference; fileEncoding = 4; lastKnownFileType = sourcecode.c.h; path = KWScrollLayer.h; sourceTree = "<group>"; };
		073D5011154F6A12007773C9 /* KWScrollLayer.m */ = {isa = PBXFileReference; fileEncoding = 4; lastKnownFileType = sourcecode.c.objc; path = KWScrollLayer.m; sourceTree = "<group>"; };
		073D5012154F6A12007773C9 /* KWShadowLabelTTF.h */ = {isa = PBXFileReference; fileEncoding = 4; lastKnownFileType = sourcecode.c.h; path = KWShadowLabelTTF.h; sourceTree = "<group>"; };
		073D5013154F6A12007773C9 /* KWShadowLabelTTF.m */ = {isa = PBXFileReference; fileEncoding = 4; lastKnownFileType = sourcecode.c.objc; path = KWShadowLabelTTF.m; sourceTree = "<group>"; };
		073D5014154F6A12007773C9 /* KWTimerLabel.h */ = {isa = PBXFileReference; fileEncoding = 4; lastKnownFileType = sourcecode.c.h; path = KWTimerLabel.h; sourceTree = "<group>"; };
		073D5015154F6A12007773C9 /* KWTimerLabel.m */ = {isa = PBXFileReference; fileEncoding = 4; lastKnownFileType = sourcecode.c.objc; path = KWTimerLabel.m; sourceTree = "<group>"; };
		073D5017154F6A12007773C9 /* KWDrawingPrimitives.h */ = {isa = PBXFileReference; fileEncoding = 4; lastKnownFileType = sourcecode.c.h; path = KWDrawingPrimitives.h; sourceTree = "<group>"; };
		073D5018154F6A12007773C9 /* KWDrawingPrimitives.m */ = {isa = PBXFileReference; fileEncoding = 4; lastKnownFileType = sourcecode.c.objc; path = KWDrawingPrimitives.m; sourceTree = "<group>"; };
		073D5019154F6A12007773C9 /* KWRandom.h */ = {isa = PBXFileReference; fileEncoding = 4; lastKnownFileType = sourcecode.c.h; path = KWRandom.h; sourceTree = "<group>"; };
		073D501A154F6A12007773C9 /* KWRandom.m */ = {isa = PBXFileReference; fileEncoding = 4; lastKnownFileType = sourcecode.c.objc; path = KWRandom.m; sourceTree = "<group>"; };
		073D501B154F6A12007773C9 /* KWSingleton.h */ = {isa = PBXFileReference; fileEncoding = 4; lastKnownFileType = sourcecode.c.h; path = KWSingleton.h; sourceTree = "<group>"; };
		073D501C154F6A12007773C9 /* KWSingleton.m */ = {isa = PBXFileReference; fileEncoding = 4; lastKnownFileType = sourcecode.c.objc; path = KWSingleton.m; sourceTree = "<group>"; };
		073D501D154F6A12007773C9 /* KWTimer.h */ = {isa = PBXFileReference; fileEncoding = 4; lastKnownFileType = sourcecode.c.h; path = KWTimer.h; sourceTree = "<group>"; };
		073D501E154F6A12007773C9 /* KWTimer.m */ = {isa = PBXFileReference; fileEncoding = 4; lastKnownFileType = sourcecode.c.objc; path = KWTimer.m; sourceTree = "<group>"; };
		073D501F154F6A12007773C9 /* KWUtility.h */ = {isa = PBXFileReference; fileEncoding = 4; lastKnownFileType = sourcecode.c.h; path = KWUtility.h; sourceTree = "<group>"; };
		073D5020154F6A12007773C9 /* KWUtility.m */ = {isa = PBXFileReference; fileEncoding = 4; lastKnownFileType = sourcecode.c.objc; path = KWUtility.m; sourceTree = "<group>"; };
		073D5021154F6A12007773C9 /* KWVector.h */ = {isa = PBXFileReference; fileEncoding = 4; lastKnownFileType = sourcecode.c.h; path = KWVector.h; sourceTree = "<group>"; };
		073D5022154F6A12007773C9 /* KWVector.m */ = {isa = PBXFileReference; fileEncoding = 4; lastKnownFileType = sourcecode.c.objc; path = KWVector.m; sourceTree = "<group>"; };
		073D5023154F6A12007773C9 /* NSArrayExtension.h */ = {isa = PBXFileReference; fileEncoding = 4; lastKnownFileType = sourcecode.c.h; path = NSArrayExtension.h; sourceTree = "<group>"; };
		073D5024154F6A12007773C9 /* NSArrayExtension.m */ = {isa = PBXFileReference; fileEncoding = 4; lastKnownFileType = sourcecode.c.objc; path = NSArrayExtension.m; sourceTree = "<group>"; };
		073D5025154F6A12007773C9 /* README.rst */ = {isa = PBXFileReference; fileEncoding = 4; lastKnownFileType = text; path = README.rst; sourceTree = "<group>"; };
		073D5027154F6A12007773C9 /* graphic_converter.py */ = {isa = PBXFileReference; fileEncoding = 4; lastKnownFileType = text.script.python; path = graphic_converter.py; sourceTree = "<group>"; };
		073D5028154F6A12007773C9 /* sound_converter.py */ = {isa = PBXFileReference; fileEncoding = 4; lastKnownFileType = text.script.python; path = sound_converter.py; sourceTree = "<group>"; };
		07A5DCCF154F8DBE00021112 /* Bullet.h */ = {isa = PBXFileReference; fileEncoding = 4; lastKnownFileType = sourcecode.c.h; name = Bullet.h; path = Model/Bullet.h; sourceTree = "<group>"; };
		07A5DCD0154F8DBE00021112 /* Bullet.m */ = {isa = PBXFileReference; fileEncoding = 4; lastKnownFileType = sourcecode.c.objc; name = Bullet.m; path = Model/Bullet.m; sourceTree = "<group>"; };
		07A5DCD2154F8DCC00021112 /* BulletManager.h */ = {isa = PBXFileReference; fileEncoding = 4; lastKnownFileType = sourcecode.c.h; name = BulletManager.h; path = Model/BulletManager.h; sourceTree = "<group>"; };
		07A5DCD3154F8DCC00021112 /* BulletManager.m */ = {isa = PBXFileReference; fileEncoding = 4; lastKnownFileType = sourcecode.c.objc; name = BulletManager.m; path = Model/BulletManager.m; sourceTree = "<group>"; };
		07A5DCD6154F9DBD00021112 /* button0.png */ = {isa = PBXFileReference; lastKnownFileType = image.png; path = button0.png; sourceTree = "<group>"; };
		07A5DCD7154F9DBD00021112 /* button1.png */ = {isa = PBXFileReference; lastKnownFileType = image.png; path = button1.png; sourceTree = "<group>"; };
		07A5DCD8154F9DBD00021112 /* button2.png */ = {isa = PBXFileReference; lastKnownFileType = image.png; path = button2.png; sourceTree = "<group>"; };
		07A5DCD9154F9DBD00021112 /* enemy0.png */ = {isa = PBXFileReference; lastKnownFileType = image.png; path = enemy0.png; sourceTree = "<group>"; };
		07A5DCDA154F9DBD00021112 /* enemy1.png */ = {isa = PBXFileReference; lastKnownFileType = image.png; path = enemy1.png; sourceTree = "<group>"; };
		07A5DCDB154F9DBD00021112 /* enemy2.png */ = {isa = PBXFileReference; lastKnownFileType = image.png; path = enemy2.png; sourceTree = "<group>"; };
		07A5DCE215501AD300021112 /* Enemy.h */ = {isa = PBXFileReference; fileEncoding = 4; lastKnownFileType = sourcecode.c.h; name = Enemy.h; path = Model/Enemy.h; sourceTree = "<group>"; };
		07A5DCE315501AD300021112 /* Enemy.m */ = {isa = PBXFileReference; fileEncoding = 4; lastKnownFileType = sourcecode.c.objc; name = Enemy.m; path = Model/Enemy.m; sourceTree = "<group>"; };
		07A5DCE51550409D00021112 /* EnemyManager.h */ = {isa = PBXFileReference; fileEncoding = 4; lastKnownFileType = sourcecode.c.h; name = EnemyManager.h; path = Model/EnemyManager.h; sourceTree = "<group>"; };
		07A5DCE61550409D00021112 /* EnemyManager.m */ = {isa = PBXFileReference; fileEncoding = 4; lastKnownFileType = sourcecode.c.objc; name = EnemyManager.m; path = Model/EnemyManager.m; sourceTree = "<group>"; };
		07D700BA1552E5110070B177 /* Marker.h */ = {isa = PBXFileReference; fileEncoding = 4; lastKnownFileType = sourcecode.c.h; name = Marker.h; path = Model/Marker.h; sourceTree = "<group>"; };
		07D700BB1552E5110070B177 /* Marker.m */ = {isa = PBXFileReference; fileEncoding = 4; lastKnownFileType = sourcecode.c.objc; name = Marker.m; path = Model/Marker.m; sourceTree = "<group>"; };
		07D700BE1552F5B50070B177 /* sample.caf */ = {isa = PBXFileReference; lastKnownFileType = file; name = sample.caf; path = music/sample.caf; sourceTree = "<group>"; };
		07D700BF1552F62D0070B177 /* Music.h */ = {isa = PBXFileReference; fileEncoding = 4; lastKnownFileType = sourcecode.c.h; name = Music.h; path = Model/Music.h; sourceTree = "<group>"; };
		07D700C01552F62D0070B177 /* Music.m */ = {isa = PBXFileReference; fileEncoding = 4; lastKnownFileType = sourcecode.c.objc; name = Music.m; path = Model/Music.m; sourceTree = "<group>"; };
		07D700C4155304190070B177 /* decide.caf */ = {isa = PBXFileReference; lastKnownFileType = file; path = decide.caf; sourceTree = "<group>"; };
		07D700CB15530EDF0070B177 /* background.png */ = {isa = PBXFileReference; lastKnownFileType = image.png; path = background.png; sourceTree = "<group>"; };
		07D700CD1554E8DE0070B177 /* Player.h */ = {isa = PBXFileReference; fileEncoding = 4; lastKnownFileType = sourcecode.c.h; path = Player.h; sourceTree = "<group>"; };
		07D700CE1554E8DE0070B177 /* Player.m */ = {isa = PBXFileReference; fileEncoding = 4; lastKnownFileType = sourcecode.c.objc; path = Player.m; sourceTree = "<group>"; };
		07D700D015550BC20070B177 /* Shoot.h */ = {isa = PBXFileReference; fileEncoding = 4; lastKnownFileType = sourcecode.c.h; name = Shoot.h; path = Model/Shoot.h; sourceTree = "<group>"; };
		07D700D115550BC20070B177 /* Shoot.m */ = {isa = PBXFileReference; fileEncoding = 4; lastKnownFileType = sourcecode.c.objc; name = Shoot.m; path = Model/Shoot.m; sourceTree = "<group>"; };
		07D700D31555EC890070B177 /* stage1.caf */ = {isa = PBXFileReference; lastKnownFileType = file; name = stage1.caf; path = music/stage1.caf; sourceTree = "<group>"; };
		07D700D5155613800070B177 /* GameTimer.h */ = {isa = PBXFileReference; fileEncoding = 4; lastKnownFileType = sourcecode.c.h; name = GameTimer.h; path = Model/GameTimer.h; sourceTree = "<group>"; };
		07D700D6155613800070B177 /* GameTimer.m */ = {isa = PBXFileReference; fileEncoding = 4; lastKnownFileType = sourcecode.c.objc; name = GameTimer.m; path = Model/GameTimer.m; sourceTree = "<group>"; };
		07D700D91558D5930070B177 /* attack.caf */ = {isa = PBXFileReference; lastKnownFileType = file; path = attack.caf; sourceTree = "<group>"; };
		07D700DA1558D5A50070B177 /* flick.caf */ = {isa = PBXFileReference; lastKnownFileType = file; path = flick.caf; sourceTree = "<group>"; };
		07D700DD1558D82D0070B177 /* just.caf */ = {isa = PBXFileReference; lastKnownFileType = file; path = just.caf; sourceTree = "<group>"; };
		07D700DF1558DCEE0070B177 /* Direction.h */ = {isa = PBXFileReference; lastKnownFileType = sourcecode.c.h; name = Direction.h; path = Model/Direction.h; sourceTree = "<group>"; };
		07D700E01558DE270070B177 /* miss.caf */ = {isa = PBXFileReference; lastKnownFileType = file; path = miss.caf; sourceTree = "<group>"; };
		07D700E21558F2CB0070B177 /* button0_selected.png */ = {isa = PBXFileReference; lastKnownFileType = image.png; path = button0_selected.png; sourceTree = "<group>"; };
		07D700E31558F2CB0070B177 /* button1_selected.png */ = {isa = PBXFileReference; lastKnownFileType = image.png; path = button1_selected.png; sourceTree = "<group>"; };
		07D700E41558F2CB0070B177 /* button2_selected.png */ = {isa = PBXFileReference; lastKnownFileType = image.png; path = button2_selected.png; sourceTree = "<group>"; };
		DC3BE97813B4FB71003739CC /* BuildSettings-iOS.xcconfig */ = {isa = PBXFileReference; lastKnownFileType = text.xcconfig; path = "BuildSettings-iOS.xcconfig"; sourceTree = "<group>"; };
		DC485B0D13AA0E5600F2BC70 /* libchipmunk-mac.a */ = {isa = PBXFileReference; explicitFileType = archive.ar; path = "libchipmunk-mac.a"; sourceTree = BUILT_PRODUCTS_DIR; };
		DC485B1613AA0EBB00F2BC70 /* libbox2d-mac.a */ = {isa = PBXFileReference; explicitFileType = archive.ar; path = "libbox2d-mac.a"; sourceTree = BUILT_PRODUCTS_DIR; };
		DC485B4513AA18A600F2BC70 /* libcocosdenshion-mac.a */ = {isa = PBXFileReference; explicitFileType = archive.ar; path = "libcocosdenshion-mac.a"; sourceTree = BUILT_PRODUCTS_DIR; };
		DC65615013A969B600A7AC53 /* libbox2d-ios.a */ = {isa = PBXFileReference; explicitFileType = archive.ar; path = "libbox2d-ios.a"; sourceTree = BUILT_PRODUCTS_DIR; };
		DC65615113A969B600A7AC53 /* libchipmunk-ios.a */ = {isa = PBXFileReference; explicitFileType = archive.ar; path = "libchipmunk-ios.a"; sourceTree = BUILT_PRODUCTS_DIR; };
		DC65615213A969B600A7AC53 /* libchipmunk-spacemanager-ios.a */ = {isa = PBXFileReference; explicitFileType = archive.ar; path = "libchipmunk-spacemanager-ios.a"; sourceTree = BUILT_PRODUCTS_DIR; };
		DC65615413A969B600A7AC53 /* libcocos2d-extensions-ios.a */ = {isa = PBXFileReference; explicitFileType = archive.ar; path = "libcocos2d-extensions-ios.a"; sourceTree = BUILT_PRODUCTS_DIR; };
		DC65615513A969B600A7AC53 /* libcocos2d-ios.a */ = {isa = PBXFileReference; explicitFileType = archive.ar; path = "libcocos2d-ios.a"; sourceTree = BUILT_PRODUCTS_DIR; };
		DC65615613A969B600A7AC53 /* libcocos3d-ios.a */ = {isa = PBXFileReference; explicitFileType = archive.ar; path = "libcocos3d-ios.a"; sourceTree = BUILT_PRODUCTS_DIR; };
		DC65615713A969B600A7AC53 /* libcocosdenshion-ios.a */ = {isa = PBXFileReference; explicitFileType = archive.ar; path = "libcocosdenshion-ios.a"; sourceTree = BUILT_PRODUCTS_DIR; };
		DC65615813A969B600A7AC53 /* libkobold2d-ios.a */ = {isa = PBXFileReference; explicitFileType = archive.ar; path = "libkobold2d-ios.a"; sourceTree = BUILT_PRODUCTS_DIR; };
		DC65615913A969B600A7AC53 /* libobjectal-ios.a */ = {isa = PBXFileReference; explicitFileType = archive.ar; path = "libobjectal-ios.a"; sourceTree = BUILT_PRODUCTS_DIR; };
		DC65615A13A969B600A7AC53 /* libsneakyinput-ios.a */ = {isa = PBXFileReference; explicitFileType = archive.ar; path = "libsneakyinput-ios.a"; sourceTree = BUILT_PRODUCTS_DIR; };
		DC979E3D13B35F8800656CB9 /* libcocos2d-extensions-mac.a */ = {isa = PBXFileReference; explicitFileType = archive.ar; path = "libcocos2d-extensions-mac.a"; sourceTree = BUILT_PRODUCTS_DIR; };
		DC979E5913B3607E00656CB9 /* libchipmunk-spacemanager-mac.a */ = {isa = PBXFileReference; explicitFileType = archive.ar; path = "libchipmunk-spacemanager-mac.a"; sourceTree = BUILT_PRODUCTS_DIR; };
		DC9C33E713B5024400931BF2 /* BuildSettings-Debug-Mac.xcconfig */ = {isa = PBXFileReference; lastKnownFileType = text.xcconfig; path = "BuildSettings-Debug-Mac.xcconfig"; sourceTree = "<group>"; };
		DC9C33E813B5024400931BF2 /* BuildSettings-Mac.xcconfig */ = {isa = PBXFileReference; lastKnownFileType = text.xcconfig; path = "BuildSettings-Mac.xcconfig"; sourceTree = "<group>"; };
		DC9C33E913B5024400931BF2 /* BuildSettings-Release-Mac.xcconfig */ = {isa = PBXFileReference; lastKnownFileType = text.xcconfig; path = "BuildSettings-Release-Mac.xcconfig"; sourceTree = "<group>"; };
		DCC1A0E313A94ED5005BD75D /* FlickFreak-iOS.app */ = {isa = PBXFileReference; explicitFileType = wrapper.application; includeInIndex = 0; path = "FlickFreak-iOS.app"; sourceTree = BUILT_PRODUCTS_DIR; };
		DCC1A0F913A94ED5005BD75D /* Default.png */ = {isa = PBXFileReference; lastKnownFileType = image.png; name = Default.png; path = Resources/Default.png; sourceTree = "<group>"; };
		DCC1A0FB13A94ED5005BD75D /* fps_images.png */ = {isa = PBXFileReference; lastKnownFileType = image.png; name = fps_images.png; path = Resources/fps_images.png; sourceTree = "<group>"; };
		DCC1A0FD13A94ED5005BD75D /* Icon-72.png */ = {isa = PBXFileReference; lastKnownFileType = image.png; name = "Icon-72.png"; path = "Resources/Icon-72.png"; sourceTree = "<group>"; };
		DCC1A0FF13A94ED5005BD75D /* Icon-Small-50.png */ = {isa = PBXFileReference; lastKnownFileType = image.png; name = "Icon-Small-50.png"; path = "Resources/Icon-Small-50.png"; sourceTree = "<group>"; };
		DCC1A10113A94ED5005BD75D /* Icon-Small.png */ = {isa = PBXFileReference; lastKnownFileType = image.png; name = "Icon-Small.png"; path = "Resources/Icon-Small.png"; sourceTree = "<group>"; };
		DCC1A10313A94ED5005BD75D /* Icon-Small@2x.png */ = {isa = PBXFileReference; lastKnownFileType = image.png; name = "Icon-Small@2x.png"; path = "Resources/Icon-Small@2x.png"; sourceTree = "<group>"; };
		DCC1A10513A94ED5005BD75D /* Icon.png */ = {isa = PBXFileReference; lastKnownFileType = image.png; name = Icon.png; path = Resources/Icon.png; sourceTree = "<group>"; };
		DCC1A10713A94ED5005BD75D /* Icon@2x.png */ = {isa = PBXFileReference; lastKnownFileType = image.png; name = "Icon@2x.png"; path = "Resources/Icon@2x.png"; sourceTree = "<group>"; };
		DCC1A10913A94ED5005BD75D /* Info.plist */ = {isa = PBXFileReference; lastKnownFileType = text.plist.xml; name = Info.plist; path = Resources/Info.plist; sourceTree = "<group>"; };
		DCC1A10A13A94ED5005BD75D /* iTunesArtwork */ = {isa = PBXFileReference; lastKnownFileType = file; name = iTunesArtwork; path = Resources/iTunesArtwork; sourceTree = "<group>"; };
		DCC1A25A13A94EE6005BD75D /* FlickFreak-Mac.app */ = {isa = PBXFileReference; explicitFileType = wrapper.application; includeInIndex = 0; path = "FlickFreak-Mac.app"; sourceTree = BUILT_PRODUCTS_DIR; };
		DCC1A38D13A94F1A005BD75D /* AppDelegate.h */ = {isa = PBXFileReference; fileEncoding = 4; lastKnownFileType = sourcecode.c.h; path = AppDelegate.h; sourceTree = "<group>"; };
		DCC1A38E13A94F1A005BD75D /* AppDelegate.m */ = {isa = PBXFileReference; fileEncoding = 4; lastKnownFileType = sourcecode.c.objc; path = AppDelegate.m; sourceTree = "<group>"; };
		DCC1A39113A94F1A005BD75D /* main.m */ = {isa = PBXFileReference; fileEncoding = 4; lastKnownFileType = sourcecode.c.objc; path = main.m; sourceTree = "<group>"; };
		DCC1A39213A94F1A005BD75D /* Prefix-iOS.pch */ = {isa = PBXFileReference; fileEncoding = 4; lastKnownFileType = sourcecode.c.h; path = "Prefix-iOS.pch"; sourceTree = "<group>"; };
		DCC1A39313A94F1A005BD75D /* Prefix-Mac.pch */ = {isa = PBXFileReference; fileEncoding = 4; lastKnownFileType = sourcecode.c.h; path = "Prefix-Mac.pch"; sourceTree = "<group>"; };
		DCC1A39513A94F1A005BD75D /* config.lua */ = {isa = PBXFileReference; explicitFileType = sourcecode.applescript; fileEncoding = 4; path = config.lua; sourceTree = "<group>"; };
		DCF95CC913A97EC500AE3B80 /* libcocos2d-mac.a */ = {isa = PBXFileReference; explicitFileType = archive.ar; path = "libcocos2d-mac.a"; sourceTree = BUILT_PRODUCTS_DIR; };
		DCF95CCB13A97EC500AE3B80 /* libkobold2d-mac.a */ = {isa = PBXFileReference; explicitFileType = archive.ar; path = "libkobold2d-mac.a"; sourceTree = BUILT_PRODUCTS_DIR; };
		DCFA90EF13B4F6F7009DD35A /* BuildSettings-Debug-iOS.xcconfig */ = {isa = PBXFileReference; lastKnownFileType = text.xcconfig; path = "BuildSettings-Debug-iOS.xcconfig"; sourceTree = "<group>"; };
		DCFA90F013B4F811009DD35A /* BuildSettings-Release-iOS.xcconfig */ = {isa = PBXFileReference; lastKnownFileType = text.xcconfig; path = "BuildSettings-Release-iOS.xcconfig"; sourceTree = "<group>"; };
/* End PBXFileReference section */

/* Begin PBXFrameworksBuildPhase section */
		DCC1A0E013A94ED5005BD75D /* Frameworks */ = {
			isa = PBXFrameworksBuildPhase;
			buildActionMask = 2147483647;
			files = (
				DC65615C13A969B600A7AC53 /* libbox2d-ios.a in Frameworks */,
				DC65615D13A969B600A7AC53 /* libchipmunk-ios.a in Frameworks */,
				DC65615E13A969B600A7AC53 /* libchipmunk-spacemanager-ios.a in Frameworks */,
				DC65616013A969B600A7AC53 /* libcocos2d-extensions-ios.a in Frameworks */,
				DC65616113A969B600A7AC53 /* libcocos2d-ios.a in Frameworks */,
				DC65616213A969B600A7AC53 /* libcocos3d-ios.a in Frameworks */,
				DC65616313A969B600A7AC53 /* libcocosdenshion-ios.a in Frameworks */,
				DC65616413A969B600A7AC53 /* libkobold2d-ios.a in Frameworks */,
				DC65616513A969B600A7AC53 /* libobjectal-ios.a in Frameworks */,
				DC65616613A969B600A7AC53 /* libsneakyinput-ios.a in Frameworks */,
			);
			runOnlyForDeploymentPostprocessing = 0;
		};
		DCC1A25713A94EE6005BD75D /* Frameworks */ = {
			isa = PBXFrameworksBuildPhase;
			buildActionMask = 2147483647;
			files = (
				DC979E5A13B3607E00656CB9 /* libchipmunk-spacemanager-mac.a in Frameworks */,
				DC979E3E13B35F8800656CB9 /* libcocos2d-extensions-mac.a in Frameworks */,
				DC485B4613AA18A600F2BC70 /* libcocosdenshion-mac.a in Frameworks */,
				DC485B1713AA0EBB00F2BC70 /* libbox2d-mac.a in Frameworks */,
				DC485B1113AA0E5600F2BC70 /* libchipmunk-mac.a in Frameworks */,
				DCF95CD213A97EC500AE3B80 /* libcocos2d-mac.a in Frameworks */,
				DCF95CD413A97EC500AE3B80 /* libkobold2d-mac.a in Frameworks */,
			);
			runOnlyForDeploymentPostprocessing = 0;
		};
/* End PBXFrameworksBuildPhase section */

/* Begin PBXGroup section */
		073D4FF1154F65C8007773C9 /* Scene */ = {
			isa = PBXGroup;
			children = (
				073D4FEE154F65C0007773C9 /* MainLayer.h */,
				073D4FEF154F65C0007773C9 /* MainLayer.m */,
			);
			name = Scene;
			sourceTree = "<group>";
		};
		073D4FF3154F6A12007773C9 /* Heqet */ = {
			isa = PBXGroup;
			children = (
				073D4FF4154F6A12007773C9 /* .gitignore */,
				073D4FF5154F6A12007773C9 /* Heqet */,
				073D5025154F6A12007773C9 /* README.rst */,
				073D5026154F6A12007773C9 /* util */,
			);
			path = Heqet;
			sourceTree = "<group>";
		};
		073D4FF5154F6A12007773C9 /* Heqet */ = {
			isa = PBXGroup;
			children = (
				073D4FF6154F6A12007773C9 /* audio */,
				073D4FF9154F6A12007773C9 /* heqet.h */,
				073D4FFA154F6A12007773C9 /* libs */,
				073D4FFD154F6A12007773C9 /* scene */,
				073D5004154F6A12007773C9 /* sprite */,
				073D5016154F6A12007773C9 /* util */,
			);
			path = Heqet;
			sourceTree = "<group>";
		};
		073D4FF6154F6A12007773C9 /* audio */ = {
			isa = PBXGroup;
			children = (
				073D4FF7154F6A12007773C9 /* KWMusicManager.h */,
				073D4FF8154F6A12007773C9 /* KWMusicManager.m */,
			);
			path = audio;
			sourceTree = "<group>";
		};
		073D4FFA154F6A12007773C9 /* libs */ = {
			isa = PBXGroup;
			children = (
				073D4FFB154F6A12007773C9 /* tinymt32.c */,
				073D4FFC154F6A12007773C9 /* tinymt32.h */,
			);
			path = libs;
			sourceTree = "<group>";
		};
		073D4FFD154F6A12007773C9 /* scene */ = {
			isa = PBXGroup;
			children = (
				073D4FFE154F6A12007773C9 /* KWLayer.h */,
				073D4FFF154F6A12007773C9 /* KWLayer.m */,
				073D5000154F6A12007773C9 /* KWState.h */,
				073D5001154F6A12007773C9 /* KWState.m */,
				073D5002154F6A12007773C9 /* KWStateManager.h */,
				073D5003154F6A12007773C9 /* KWStateManager.m */,
			);
			path = scene;
			sourceTree = "<group>";
		};
		073D5004154F6A12007773C9 /* sprite */ = {
			isa = PBXGroup;
			children = (
				073D5005154F6A12007773C9 /* CCSpriteExtension.h */,
				073D5006154F6A12007773C9 /* CCSpriteExtension.m */,
				073D5007154F6A12007773C9 /* KWAnimation.h */,
				073D5008154F6A12007773C9 /* KWAnimation.m */,
				073D5009154F6A12007773C9 /* KWGauge.h */,
				073D500A154F6A12007773C9 /* KWGauge.m */,
				073D500B154F6A12007773C9 /* KWMessageWindow.h */,
				073D500C154F6A12007773C9 /* KWMessageWindow.m */,
				073D500D154F6A12007773C9 /* KWMessageWindowDelegate.h */,
				073D500E154F6A12007773C9 /* KWPieChart.h */,
				073D500F154F6A12007773C9 /* KWPieChart.m */,
				073D5010154F6A12007773C9 /* KWScrollLayer.h */,
				073D5011154F6A12007773C9 /* KWScrollLayer.m */,
				073D5012154F6A12007773C9 /* KWShadowLabelTTF.h */,
				073D5013154F6A12007773C9 /* KWShadowLabelTTF.m */,
				073D5014154F6A12007773C9 /* KWTimerLabel.h */,
				073D5015154F6A12007773C9 /* KWTimerLabel.m */,
			);
			path = sprite;
			sourceTree = "<group>";
		};
		073D5016154F6A12007773C9 /* util */ = {
			isa = PBXGroup;
			children = (
				073D5017154F6A12007773C9 /* KWDrawingPrimitives.h */,
				073D5018154F6A12007773C9 /* KWDrawingPrimitives.m */,
				073D5019154F6A12007773C9 /* KWRandom.h */,
				073D501A154F6A12007773C9 /* KWRandom.m */,
				073D501B154F6A12007773C9 /* KWSingleton.h */,
				073D501C154F6A12007773C9 /* KWSingleton.m */,
				073D501D154F6A12007773C9 /* KWTimer.h */,
				073D501E154F6A12007773C9 /* KWTimer.m */,
				073D501F154F6A12007773C9 /* KWUtility.h */,
				073D5020154F6A12007773C9 /* KWUtility.m */,
				073D5021154F6A12007773C9 /* KWVector.h */,
				073D5022154F6A12007773C9 /* KWVector.m */,
				073D5023154F6A12007773C9 /* NSArrayExtension.h */,
				073D5024154F6A12007773C9 /* NSArrayExtension.m */,
			);
			path = util;
			sourceTree = "<group>";
		};
		073D5026154F6A12007773C9 /* util */ = {
			isa = PBXGroup;
			children = (
				073D5027154F6A12007773C9 /* graphic_converter.py */,
				073D5028154F6A12007773C9 /* sound_converter.py */,
			);
			path = util;
			sourceTree = "<group>";
		};
		07A5DCCE154F8D9700021112 /* Model */ = {
			isa = PBXGroup;
			children = (
				07D700DF1558DCEE0070B177 /* Direction.h */,
				07A5DCCF154F8DBE00021112 /* Bullet.h */,
				07A5DCD0154F8DBE00021112 /* Bullet.m */,
				07A5DCD2154F8DCC00021112 /* BulletManager.h */,
				07A5DCD3154F8DCC00021112 /* BulletManager.m */,
				07A5DCE215501AD300021112 /* Enemy.h */,
				07A5DCE315501AD300021112 /* Enemy.m */,
				07A5DCE51550409D00021112 /* EnemyManager.h */,
				07A5DCE61550409D00021112 /* EnemyManager.m */,
				07D700BA1552E5110070B177 /* Marker.h */,
				07D700BB1552E5110070B177 /* Marker.m */,
				07D700BF1552F62D0070B177 /* Music.h */,
				07D700C01552F62D0070B177 /* Music.m */,
				07D700CD1554E8DE0070B177 /* Player.h */,
				07D700CE1554E8DE0070B177 /* Player.m */,
				07D700D015550BC20070B177 /* Shoot.h */,
				07D700D115550BC20070B177 /* Shoot.m */,
				07D700D5155613800070B177 /* GameTimer.h */,
				07D700D6155613800070B177 /* GameTimer.m */,
			);
			name = Model;
			sourceTree = "<group>";
		};
		07A5DCD5154F9DBD00021112 /* Image */ = {
			isa = PBXGroup;
			children = (
				07A5DCD6154F9DBD00021112 /* button0.png */,
				07A5DCD7154F9DBD00021112 /* button1.png */,
				07A5DCD8154F9DBD00021112 /* button2.png */,
				07D700E21558F2CB0070B177 /* button0_selected.png */,
				07D700E31558F2CB0070B177 /* button1_selected.png */,
				07D700E41558F2CB0070B177 /* button2_selected.png */,
				07D700CB15530EDF0070B177 /* background.png */,
				07A5DCD9154F9DBD00021112 /* enemy0.png */,
				07A5DCDA154F9DBD00021112 /* enemy1.png */,
				07A5DCDB154F9DBD00021112 /* enemy2.png */,
			);
			path = Image;
			sourceTree = "<group>";
		};
		07D700C3155304190070B177 /* effect */ = {
			isa = PBXGroup;
			children = (
				07D700DD1558D82D0070B177 /* just.caf */,
				07D700D91558D5930070B177 /* attack.caf */,
				07D700C4155304190070B177 /* decide.caf */,
				07D700DA1558D5A50070B177 /* flick.caf */,
				07D700E01558DE270070B177 /* miss.caf */,
			);
			path = effect;
			sourceTree = "<group>";
		};
		DCC1A0D613A94EC0005BD75D = {
			isa = PBXGroup;
			children = (
				DCC1A38C13A94F1A005BD75D /* Projectfiles */,
				DCC1A0F713A94ED5005BD75D /* Projectfiles-iOS */,
				DCFA90ED13B4F6A0009DD35A /* BuildSettings */,
				DCC1A0E613A94ED5005BD75D /* Frameworks */,
				DCC1A0E413A94ED5005BD75D /* Products */,
			);
			sourceTree = "<group>";
		};
		DCC1A0E413A94ED5005BD75D /* Products */ = {
			isa = PBXGroup;
			children = (
				DCC1A0E313A94ED5005BD75D /* FlickFreak-iOS.app */,
				DCC1A25A13A94EE6005BD75D /* FlickFreak-Mac.app */,
			);
			name = Products;
			sourceTree = "<group>";
		};
		DCC1A0E613A94ED5005BD75D /* Frameworks */ = {
			isa = PBXGroup;
			children = (
				073D4FF3154F6A12007773C9 /* Heqet */,
			);
			name = Frameworks;
			sourceTree = "<group>";
		};
		DCC1A0F713A94ED5005BD75D /* Projectfiles-iOS */ = {
			isa = PBXGroup;
			children = (
				DCC1A0F813A94ED5005BD75D /* Resources */,
			);
			path = "Projectfiles-iOS";
			sourceTree = "<group>";
		};
		DCC1A0F813A94ED5005BD75D /* Resources */ = {
			isa = PBXGroup;
			children = (
				DCC1A0F913A94ED5005BD75D /* Default.png */,
				DCC1A0FB13A94ED5005BD75D /* fps_images.png */,
				DCC1A0FD13A94ED5005BD75D /* Icon-72.png */,
				DCC1A0FF13A94ED5005BD75D /* Icon-Small-50.png */,
				DCC1A10113A94ED5005BD75D /* Icon-Small.png */,
				DCC1A10313A94ED5005BD75D /* Icon-Small@2x.png */,
				DCC1A10513A94ED5005BD75D /* Icon.png */,
				DCC1A10713A94ED5005BD75D /* Icon@2x.png */,
				DCC1A10913A94ED5005BD75D /* Info.plist */,
				DCC1A10A13A94ED5005BD75D /* iTunesArtwork */,
			);
			name = Resources;
			sourceTree = "<group>";
		};
		DCC1A38C13A94F1A005BD75D /* Projectfiles */ = {
			isa = PBXGroup;
			children = (
				07A5DCCE154F8D9700021112 /* Model */,
				073D4FF1154F65C8007773C9 /* Scene */,
				DCC1A38D13A94F1A005BD75D /* AppDelegate.h */,
				DCC1A38E13A94F1A005BD75D /* AppDelegate.m */,
				DCC1A39413A94F1A005BD75D /* Resources */,
				DCC1A3CF13A94F2C005BD75D /* Supporting Files */,
			);
			path = Projectfiles;
			sourceTree = "<group>";
		};
		DCC1A39413A94F1A005BD75D /* Resources */ = {
			isa = PBXGroup;
			children = (
				DCC1A39513A94F1A005BD75D /* config.lua */,
				07D700D31555EC890070B177 /* stage1.caf */,
				07D700BE1552F5B50070B177 /* sample.caf */,
				07D700C3155304190070B177 /* effect */,
				07A5DCD5154F9DBD00021112 /* Image */,
			);
			path = Resources;
			sourceTree = "<group>";
		};
		DCC1A3CF13A94F2C005BD75D /* Supporting Files */ = {
			isa = PBXGroup;
			children = (
				DCC1A39113A94F1A005BD75D /* main.m */,
				DCC1A39213A94F1A005BD75D /* Prefix-iOS.pch */,
				DCC1A39313A94F1A005BD75D /* Prefix-Mac.pch */,
			);
			name = "Supporting Files";
			sourceTree = "<group>";
		};
		DCFA90ED13B4F6A0009DD35A /* BuildSettings */ = {
			isa = PBXGroup;
			children = (
				DCFA90EF13B4F6F7009DD35A /* BuildSettings-Debug-iOS.xcconfig */,
				DCFA90F013B4F811009DD35A /* BuildSettings-Release-iOS.xcconfig */,
				DC3BE97813B4FB71003739CC /* BuildSettings-iOS.xcconfig */,
				DC9C33E713B5024400931BF2 /* BuildSettings-Debug-Mac.xcconfig */,
				DC9C33E913B5024400931BF2 /* BuildSettings-Release-Mac.xcconfig */,
				DC9C33E813B5024400931BF2 /* BuildSettings-Mac.xcconfig */,
			);
			path = BuildSettings;
			sourceTree = "<group>";
		};
/* End PBXGroup section */

/* Begin PBXNativeTarget section */
		DCC1A0E213A94ED5005BD75D /* FlickFreak-iOS */ = {
			isa = PBXNativeTarget;
			buildConfigurationList = DCC1A25313A94ED7005BD75D /* Build configuration list for PBXNativeTarget "FlickFreak-iOS" */;
			buildPhases = (
				DCC1A0DF13A94ED5005BD75D /* Sources */,
				DCC1A0E013A94ED5005BD75D /* Frameworks */,
				DCC1A0E113A94ED5005BD75D /* Resources */,
			);
			buildRules = (
			);
			dependencies = (
			);
			name = "FlickFreak-iOS";
			productName = "Hello-World-iOS";
			productReference = DCC1A0E313A94ED5005BD75D /* FlickFreak-iOS.app */;
			productType = "com.apple.product-type.application";
		};
		DCC1A25913A94EE6005BD75D /* FlickFreak-Mac */ = {
			isa = PBXNativeTarget;
			buildConfigurationList = DCC1A38913A94EE7005BD75D /* Build configuration list for PBXNativeTarget "FlickFreak-Mac" */;
			buildPhases = (
				DCC1A25613A94EE6005BD75D /* Sources */,
				DCC1A25713A94EE6005BD75D /* Frameworks */,
				DCC1A25813A94EE6005BD75D /* Resources */,
			);
			buildRules = (
			);
			dependencies = (
			);
			name = "FlickFreak-Mac";
			productName = "Hello-World-Mac";
			productReference = DCC1A25A13A94EE6005BD75D /* FlickFreak-Mac.app */;
			productType = "com.apple.product-type.application";
		};
/* End PBXNativeTarget section */

/* Begin PBXProject section */
		DCC1A0D813A94EC0005BD75D /* Project object */ = {
			isa = PBXProject;
			attributes = {
				LastUpgradeCheck = 0420;
			};
			buildConfigurationList = DCC1A0DB13A94EC0005BD75D /* Build configuration list for PBXProject "FlickFreak" */;
			compatibilityVersion = "Xcode 3.2";
			developmentRegion = English;
			hasScannedForEncodings = 0;
			knownRegions = (
				en,
				English,
			);
			mainGroup = DCC1A0D613A94EC0005BD75D;
			productRefGroup = DCC1A0E413A94ED5005BD75D /* Products */;
			projectDirPath = "";
			projectRoot = "";
			targets = (
				DCC1A0E213A94ED5005BD75D /* FlickFreak-iOS */,
				DCC1A25913A94EE6005BD75D /* FlickFreak-Mac */,
			);
		};
/* End PBXProject section */

/* Begin PBXResourcesBuildPhase section */
		DCC1A0E113A94ED5005BD75D /* Resources */ = {
			isa = PBXResourcesBuildPhase;
			buildActionMask = 2147483647;
			files = (
				07D700E11558DE2E0070B177 /* miss.caf in Resources */,
				07D700DE1558D8650070B177 /* just.caf in Resources */,
				07D700DB1558D5B70070B177 /* attack.caf in Resources */,
				07D700DC1558D5B70070B177 /* flick.caf in Resources */,
				07D700D41555ECE60070B177 /* stage1.caf in Resources */,
				07D700C21552FFB90070B177 /* sample.caf in Resources */,
				DCC1A0FA13A94ED5005BD75D /* Default.png in Resources */,
				DCC1A0FC13A94ED5005BD75D /* fps_images.png in Resources */,
				DCC1A0FE13A94ED5005BD75D /* Icon-72.png in Resources */,
				DCC1A10013A94ED5005BD75D /* Icon-Small-50.png in Resources */,
				DCC1A10213A94ED5005BD75D /* Icon-Small.png in Resources */,
				DCC1A10413A94ED5005BD75D /* Icon-Small@2x.png in Resources */,
				DCC1A10613A94ED5005BD75D /* Icon.png in Resources */,
				DCC1A10813A94ED5005BD75D /* Icon@2x.png in Resources */,
				DCC1A10B13A94ED5005BD75D /* iTunesArtwork in Resources */,
				DCC1A3AF13A94F1A005BD75D /* config.lua in Resources */,
				073D5029154F6A12007773C9 /* .gitignore in Resources */,
				073D503E154F6A12007773C9 /* README.rst in Resources */,
				073D503F154F6A12007773C9 /* graphic_converter.py in Resources */,
				073D5040154F6A12007773C9 /* sound_converter.py in Resources */,
				07A5DCDC154F9DBD00021112 /* button0.png in Resources */,
				07A5DCDD154F9DBD00021112 /* button1.png in Resources */,
				07A5DCDE154F9DBD00021112 /* button2.png in Resources */,
				07A5DCDF154F9DBD00021112 /* enemy0.png in Resources */,
				07A5DCE0154F9DBD00021112 /* enemy1.png in Resources */,
				07A5DCE1154F9DBD00021112 /* enemy2.png in Resources */,
				07D700C5155304190070B177 /* decide.caf in Resources */,
				07D700CC15530EDF0070B177 /* background.png in Resources */,
				07D700E51558F2CB0070B177 /* button0_selected.png in Resources */,
				07D700E61558F2CB0070B177 /* button1_selected.png in Resources */,
				07D700E71558F2CB0070B177 /* button2_selected.png in Resources */,
			);
			runOnlyForDeploymentPostprocessing = 0;
		};
		DCC1A25813A94EE6005BD75D /* Resources */ = {
			isa = PBXResourcesBuildPhase;
			buildActionMask = 2147483647;
			files = (
				DCC1A3B013A94F1A005BD75D /* config.lua in Resources */,
			);
			runOnlyForDeploymentPostprocessing = 0;
		};
/* End PBXResourcesBuildPhase section */

/* Begin PBXSourcesBuildPhase section */
		DCC1A0DF13A94ED5005BD75D /* Sources */ = {
			isa = PBXSourcesBuildPhase;
			buildActionMask = 2147483647;
			files = (
				DCC1A3A913A94F1A005BD75D /* AppDelegate.m in Sources */,
				DCC1A3AD13A94F1A005BD75D /* main.m in Sources */,
				073D4FF0154F65C0007773C9 /* MainLayer.m in Sources */,
				073D502A154F6A12007773C9 /* KWMusicManager.m in Sources */,
				073D502B154F6A12007773C9 /* tinymt32.c in Sources */,
				073D502C154F6A12007773C9 /* KWLayer.m in Sources */,
				073D502D154F6A12007773C9 /* KWState.m in Sources */,
				073D502E154F6A12007773C9 /* KWStateManager.m in Sources */,
				073D502F154F6A12007773C9 /* CCSpriteExtension.m in Sources */,
				073D5030154F6A12007773C9 /* KWAnimation.m in Sources */,
				073D5031154F6A12007773C9 /* KWGauge.m in Sources */,
				073D5032154F6A12007773C9 /* KWMessageWindow.m in Sources */,
				073D5033154F6A12007773C9 /* KWPieChart.m in Sources */,
				073D5034154F6A12007773C9 /* KWScrollLayer.m in Sources */,
				073D5035154F6A12007773C9 /* KWShadowLabelTTF.m in Sources */,
				073D5036154F6A12007773C9 /* KWTimerLabel.m in Sources */,
				073D5037154F6A12007773C9 /* KWDrawingPrimitives.m in Sources */,
				073D5038154F6A12007773C9 /* KWRandom.m in Sources */,
				073D5039154F6A12007773C9 /* KWSingleton.m in Sources */,
				073D503A154F6A12007773C9 /* KWTimer.m in Sources */,
				073D503B154F6A12007773C9 /* KWUtility.m in Sources */,
				073D503C154F6A12007773C9 /* KWVector.m in Sources */,
				073D503D154F6A12007773C9 /* NSArrayExtension.m in Sources */,
				07A5DCD1154F8DBE00021112 /* Bullet.m in Sources */,
				07A5DCD4154F8DCC00021112 /* BulletManager.m in Sources */,
				07A5DCE415501AD300021112 /* Enemy.m in Sources */,
				07A5DCE71550409D00021112 /* EnemyManager.m in Sources */,
				07D700BC1552E5110070B177 /* Marker.m in Sources */,
				07D700C11552F62D0070B177 /* Music.m in Sources */,
				07D700CF1554E8DE0070B177 /* Player.m in Sources */,
				07D700D215550BC20070B177 /* Shoot.m in Sources */,
				07D700D7155613800070B177 /* GameTimer.m in Sources */,
			);
			runOnlyForDeploymentPostprocessing = 0;
		};
		DCC1A25613A94EE6005BD75D /* Sources */ = {
			isa = PBXSourcesBuildPhase;
			buildActionMask = 2147483647;
			files = (
				DCC1A3AA13A94F1A005BD75D /* AppDelegate.m in Sources */,
				DCC1A3AE13A94F1A005BD75D /* main.m in Sources */,
			);
			runOnlyForDeploymentPostprocessing = 0;
		};
/* End PBXSourcesBuildPhase section */

/* Begin XCBuildConfiguration section */
		DCC1A0DD13A94EC0005BD75D /* Debug */ = {
			isa = XCBuildConfiguration;
			buildSettings = {
			};
			name = Debug;
		};
		DCC1A0DE13A94EC0005BD75D /* Release */ = {
			isa = XCBuildConfiguration;
			buildSettings = {
			};
			name = Release;
		};
		DCC1A25413A94ED7005BD75D /* Debug */ = {
			isa = XCBuildConfiguration;
			baseConfigurationReference = DCFA90EF13B4F6F7009DD35A /* BuildSettings-Debug-iOS.xcconfig */;
			buildSettings = {
				IPHONEOS_DEPLOYMENT_TARGET = 5.0;
				LIBRARY_SEARCH_PATHS = (
					"$(inherited)",
					"\"$(SRCROOT)/../__Kobold2D__/libs/GoogleAdMobAdsSDK\"",
				);
				TARGETED_DEVICE_FAMILY = 1;
			};
			name = Debug;
		};
		DCC1A25513A94ED7005BD75D /* Release */ = {
			isa = XCBuildConfiguration;
			baseConfigurationReference = DCFA90F013B4F811009DD35A /* BuildSettings-Release-iOS.xcconfig */;
			buildSettings = {
				IPHONEOS_DEPLOYMENT_TARGET = 5.0;
				LIBRARY_SEARCH_PATHS = (
					"$(inherited)",
					"\"$(SRCROOT)/../__Kobold2D__/libs/GoogleAdMobAdsSDK\"",
				);
				TARGETED_DEVICE_FAMILY = 1;
			};
			name = Release;
		};
		DCC1A38A13A94EE7005BD75D /* Debug */ = {
			isa = XCBuildConfiguration;
			baseConfigurationReference = DC9C33E713B5024400931BF2 /* BuildSettings-Debug-Mac.xcconfig */;
			buildSettings = {
			};
			name = Debug;
		};
		DCC1A38B13A94EE7005BD75D /* Release */ = {
			isa = XCBuildConfiguration;
			baseConfigurationReference = DC9C33E913B5024400931BF2 /* BuildSettings-Release-Mac.xcconfig */;
			buildSettings = {
			};
			name = Release;
		};
/* End XCBuildConfiguration section */

/* Begin XCConfigurationList section */
		DCC1A0DB13A94EC0005BD75D /* Build configuration list for PBXProject "FlickFreak" */ = {
			isa = XCConfigurationList;
			buildConfigurations = (
				DCC1A0DD13A94EC0005BD75D /* Debug */,
				DCC1A0DE13A94EC0005BD75D /* Release */,
			);
			defaultConfigurationIsVisible = 0;
			defaultConfigurationName = Release;
		};
		DCC1A25313A94ED7005BD75D /* Build configuration list for PBXNativeTarget "FlickFreak-iOS" */ = {
			isa = XCConfigurationList;
			buildConfigurations = (
				DCC1A25413A94ED7005BD75D /* Debug */,
				DCC1A25513A94ED7005BD75D /* Release */,
			);
			defaultConfigurationIsVisible = 0;
			defaultConfigurationName = Release;
		};
		DCC1A38913A94EE7005BD75D /* Build configuration list for PBXNativeTarget "FlickFreak-Mac" */ = {
			isa = XCConfigurationList;
			buildConfigurations = (
				DCC1A38A13A94EE7005BD75D /* Debug */,
				DCC1A38B13A94EE7005BD75D /* Release */,
			);
			defaultConfigurationIsVisible = 0;
			defaultConfigurationName = Release;
		};
/* End XCConfigurationList section */
	};
	rootObject = DCC1A0D813A94EC0005BD75D /* Project object */;
}
